{
  "pins" : [
    {
      "identity" : "flybuy-ios",
      "kind" : "remoteSourceControl",
      "location" : "https://github.com/RadiusNetworks/flybuy-ios",
      "state" : {
        "revision" : "1cff7676be6f56e7af624f7b9a17a990e9df7a71",
        "version" : "2.13.4"
      }
    }
  ],
  "version" : 2
}
