{
  "pins" : [
    {
      "identity" : "flybuy-ios",
      "kind" : "remoteSourceControl",
      "location" : "https://github.com/RadiusNetworks/flybuy-ios",
      "state" : {
        "revision" : "da5b136bea6038024768913bef9575fd0ef235e1",
        "version" : "2.13.2"
      }
    }
  ],
  "version" : 2
}
